
Microsoft Visual Studio Solution File, Format Version 12.00
Project("{FAE04EC0-301F-11D3-BF4B-00C04F79EFBC}") = "AspireWithKafka.AppHost", "AspireWithKafka.AppHost\AspireWithKafka.AppHost.csproj", "{F6FD0122-7893-46B0-9F9A-68D4EDF333B2}"
EndProject
Project("{FAE04EC0-301F-11D3-BF4B-00C04F79EFBC}") = "AspireWithKafka.ServiceDefaults", "AspireWithKafka.ServiceDefaults\AspireWithKafka.ServiceDefaults.csproj", "{DEF02058-6548-49F9-AC0B-DDD804F46DF1}"
EndProject
Project("{FAE04EC0-301F-11D3-BF4B-00C04F79EFBC}") = "AspireWithKafka.Consumer", "AspireWithKafka.Consumer\AspireWithKafka.Consumer.csproj", "{1A63EE8F-38EF-4D9E-B262-EA00D059F957}"
EndProject
Project("{FAE04EC0-301F-11D3-BF4B-00C04F79EFBC}") = "AspireWithKafka.Producer", "AspireWithKafka.Producer\AspireWithKafka.Producer.csproj", "{80EA86EE-D120-49DF-9DFA-5EA38E40F865}"
EndProject
Global
	GlobalSection(SolutionConfigurationPlatforms) = preSolution
		Debug|Any CPU = Debug|Any CPU
		Release|Any CPU = Release|Any CPU
	EndGlobalSection
	GlobalSection(ProjectConfigurationPlatforms) = postSolution
		{F6FD0122-7893-46B0-9F9A-68D4EDF333B2}.Debug|Any CPU.ActiveCfg = Debug|Any CPU
		{F6FD0122-7893-46B0-9F9A-68D4EDF333B2}.Debug|Any CPU.Build.0 = Debug|Any CPU
		{F6FD0122-7893-46B0-9F9A-68D4EDF333B2}.Release|Any CPU.ActiveCfg = Release|Any CPU
		{F6FD0122-7893-46B0-9F9A-68D4EDF333B2}.Release|Any CPU.Build.0 = Release|Any CPU
		{DEF02058-6548-49F9-AC0B-DDD804F46DF1}.Debug|Any CPU.ActiveCfg = Debug|Any CPU
		{DEF02058-6548-49F9-AC0B-DDD804F46DF1}.Debug|Any CPU.Build.0 = Debug|Any CPU
		{DEF02058-6548-49F9-AC0B-DDD804F46DF1}.Release|Any CPU.ActiveCfg = Release|Any CPU
		{DEF02058-6548-49F9-AC0B-DDD804F46DF1}.Release|Any CPU.Build.0 = Release|Any CPU
		{1A63EE8F-38EF-4D9E-B262-EA00D059F957}.Debug|Any CPU.ActiveCfg = Debug|Any CPU
		{1A63EE8F-38EF-4D9E-B262-EA00D059F957}.Debug|Any CPU.Build.0 = Debug|Any CPU
		{1A63EE8F-38EF-4D9E-B262-EA00D059F957}.Release|Any CPU.ActiveCfg = Release|Any CPU
		{1A63EE8F-38EF-4D9E-B262-EA00D059F957}.Release|Any CPU.Build.0 = Release|Any CPU
		{80EA86EE-D120-49DF-9DFA-5EA38E40F865}.Debug|Any CPU.ActiveCfg = Debug|Any CPU
		{80EA86EE-D120-49DF-9DFA-5EA38E40F865}.Debug|Any CPU.Build.0 = Debug|Any CPU
		{80EA86EE-D120-49DF-9DFA-5EA38E40F865}.Release|Any CPU.ActiveCfg = Release|Any CPU
		{80EA86EE-D120-49DF-9DFA-5EA38E40F865}.Release|Any CPU.Build.0 = Release|Any CPU
	EndGlobalSection
EndGlobal
